
Microsoft Visual Studio Solution File, Format Version 12.00
# Visual Studio 15
VisualStudioVersion = 15.0.28010.2036
MinimumVisualStudioVersion = 10.0.40219.1
Project("{FAE04EC0-301F-11D3-BF4B-00C04F79EFBC}") = "A2RashpalsinghP2", "A2RashpalsinghP2\A2RashpalsinghP2.csproj", "{5CCF4ABE-2314-4B08-95EA-9C6D7A6FFA37}"
EndProject
Global
	GlobalSection(SolutionConfigurationPlatforms) = preSolution
		Debug|Any CPU = Debug|Any CPU
		Release|Any CPU = Release|Any CPU
	EndGlobalSection
	GlobalSection(ProjectConfigurationPlatforms) = postSolution
		{5CCF4ABE-2314-4B08-95EA-9C6D7A6FFA37}.Debug|Any CPU.ActiveCfg = Debug|Any CPU
		{5CCF4ABE-2314-4B08-95EA-9C6D7A6FFA37}.Debug|Any CPU.Build.0 = Debug|Any CPU
		{5CCF4ABE-2314-4B08-95EA-9C6D7A6FFA37}.Release|Any CPU.ActiveCfg = Release|Any CPU
		{5CCF4ABE-2314-4B08-95EA-9C6D7A6FFA37}.Release|Any CPU.Build.0 = Release|Any CPU
	EndGlobalSection
	GlobalSection(SolutionProperties) = preSolution
		HideSolutionNode = FALSE
	EndGlobalSection
	GlobalSection(ExtensibilityGlobals) = postSolution
		SolutionGuid = {17338819-34AA-46B5-98A8-31A9BAE5D3DD}
	EndGlobalSection
EndGlobal
